
Microsoft Visual Studio Solution File, Format Version 12.00
# Visual Studio Version 17
VisualStudioVersion = 17.3.32825.248
MinimumVisualStudioVersion = 10.0.40219.1
Project("{FAE04EC0-301F-11D3-BF4B-00C04F79EFBC}") = "Laboratory-5 ex-1", "Laboratory-5 ex-1\Laboratory-5 ex-1.csproj", "{30D230AE-C4D1-4BE1-8632-5976CBDE1136}"
EndProject
Global
	GlobalSection(SolutionConfigurationPlatforms) = preSolution
		Debug|Any CPU = Debug|Any CPU
		Release|Any CPU = Release|Any CPU
	EndGlobalSection
	GlobalSection(ProjectConfigurationPlatforms) = postSolution
		{30D230AE-C4D1-4BE1-8632-5976CBDE1136}.Debug|Any CPU.ActiveCfg = Debug|Any CPU
		{30D230AE-C4D1-4BE1-8632-5976CBDE1136}.Debug|Any CPU.Build.0 = Debug|Any CPU
		{30D230AE-C4D1-4BE1-8632-5976CBDE1136}.Release|Any CPU.ActiveCfg = Release|Any CPU
		{30D230AE-C4D1-4BE1-8632-5976CBDE1136}.Release|Any CPU.Build.0 = Release|Any CPU
	EndGlobalSection
	GlobalSection(SolutionProperties) = preSolution
		HideSolutionNode = FALSE
	EndGlobalSection
	GlobalSection(ExtensibilityGlobals) = postSolution
		SolutionGuid = {8F228AD5-877E-4CDB-964A-1F45270E2D1C}
	EndGlobalSection
EndGlobal
